{
    "_readme": [
        "This file locks the dependencies of your project to a known state",
        "Read more about it at https://getcomposer.org/doc/01-basic-usage.md#composer-lock-the-lock-file",
        "This file is @generated automatically"
    ],
    "content-hash": "62e28f87997251265517789af7592556",
    "packages": [
        {
            "name": "container-interop/container-interop",
            "version": "1.2.0",
            "source": {
                "type": "git",
                "url": "https://github.com/container-interop/container-interop.git",
                "reference": "79cbf1341c22ec75643d841642dd5d6acd83bdb8"
            },
            "dist": {
                "type": "zip",
                "url": "https://api.github.com/repos/container-interop/container-interop/zipball/79cbf1341c22ec75643d841642dd5d6acd83bdb8",
                "reference": "79cbf1341c22ec75643d841642dd5d6acd83bdb8",
                "shasum": ""
            },
            "require": {
                "psr/container": "^1.0"
            },
            "type": "library",
            "autoload": {
                "psr-4": {
                    "Interop\\Container\\": "src/Interop/Container/"
                }
            },
            "notification-url": "https://packagist.org/downloads/",
            "license": [
                "MIT"
            ],
            "description": "Promoting the interoperability of container objects (DIC, SL, etc.)",
            "homepage": "https://github.com/container-interop/container-interop",
            "time": "2017-02-14T19:40:03+00:00"
        },
        {
            "name": "nikic/fast-route",
            "version": "v1.2.0",
            "source": {
                "type": "git",
                "url": "https://github.com/nikic/FastRoute.git",
                "reference": "b5f95749071c82a8e0f58586987627054400cdf6"
            },
            "dist": {
                "type": "zip",
                "url": "https://api.github.com/repos/nikic/FastRoute/zipball/b5f95749071c82a8e0f58586987627054400cdf6",
                "reference": "b5f95749071c82a8e0f58586987627054400cdf6",
                "shasum": ""
            },
            "require": {
                "php": ">=5.4.0"
            },
            "type": "library",
            "autoload": {
                "psr-4": {
                    "FastRoute\\": "src/"
                },
                "files": [
                    "src/functions.php"
                ]
            },
            "notification-url": "https://packagist.org/downloads/",
            "license": [
                "BSD-3-Clause"
            ],
            "authors": [
                {
                    "name": "Nikita Popov",
                    "email": "nikic@php.net"
                }
            ],
            "description": "Fast request router for PHP",
            "keywords": [
                "router",
                "routing"
            ],
            "time": "2017-01-19T11:35:12+00:00"
        },
        {
            "name": "pimple/pimple",
            "version": "v3.0.2",
            "source": {
                "type": "git",
                "url": "https://github.com/silexphp/Pimple.git",
                "reference": "a30f7d6e57565a2e1a316e1baf2a483f788b258a"
            },
            "dist": {
                "type": "zip",
                "url": "https://api.github.com/repos/silexphp/Pimple/zipball/a30f7d6e57565a2e1a316e1baf2a483f788b258a",
                "reference": "a30f7d6e57565a2e1a316e1baf2a483f788b258a",
                "shasum": ""
            },
            "require": {
                "php": ">=5.3.0"
            },
            "type": "library",
            "extra": {
                "branch-alias": {
                    "dev-master": "3.0.x-dev"
                }
            },
            "autoload": {
                "psr-0": {
                    "Pimple": "src/"
                }
            },
            "notification-url": "https://packagist.org/downloads/",
            "license": [
                "MIT"
            ],
            "authors": [
                {
                    "name": "Fabien Potencier",
                    "email": "fabien@symfony.com"
                }
            ],
            "description": "Pimple, a simple Dependency Injection Container",
            "homepage": "http://pimple.sensiolabs.org",
            "keywords": [
                "container",
                "dependency injection"
            ],
            "time": "2015-09-11T15:10:35+00:00"
        },
        {
            "name": "psr/container",
            "version": "1.0.0",
            "source": {
                "type": "git",
                "url": "https://github.com/php-fig/container.git",
                "reference": "b7ce3b176482dbbc1245ebf52b181af44c2cf55f"
            },
            "dist": {
                "type": "zip",
                "url": "https://api.github.com/repos/php-fig/container/zipball/b7ce3b176482dbbc1245ebf52b181af44c2cf55f",
                "reference": "b7ce3b176482dbbc1245ebf52b181af44c2cf55f",
                "shasum": ""
            },
            "require": {
                "php": ">=5.3.0"
            },
            "type": "library",
            "extra": {
                "branch-alias": {
                    "dev-master": "1.0.x-dev"
                }
            },
            "autoload": {
                "psr-4": {
                    "Psr\\Container\\": "src/"
                }
            },
            "notification-url": "https://packagist.org/downloads/",
            "license": [
                "MIT"
            ],
            "authors": [
                {
                    "name": "PHP-FIG",
                    "homepage": "http://www.php-fig.org/"
                }
            ],
            "description": "Common Container Interface (PHP FIG PSR-11)",
            "homepage": "https://github.com/php-fig/container",
            "keywords": [
                "PSR-11",
                "container",
                "container-interface",
                "container-interop",
                "psr"
            ],
            "time": "2017-02-14T16:28:37+00:00"
        },
        {
            "name": "psr/http-message",
            "version": "1.0.1",
            "source": {
                "type": "git",
                "url": "https://github.com/php-fig/http-message.git",
                "reference": "f6561bf28d520154e4b0ec72be95418abe6d9363"
            },
            "dist": {
                "type": "zip",
                "url": "https://api.github.com/repos/php-fig/http-message/zipball/f6561bf28d520154e4b0ec72be95418abe6d9363",
                "reference": "f6561bf28d520154e4b0ec72be95418abe6d9363",
                "shasum": ""
            },
            "require": {
                "php": ">=5.3.0"
            },
            "type": "library",
            "extra": {
                "branch-alias": {
                    "dev-master": "1.0.x-dev"
                }
            },
            "autoload": {
                "psr-4": {
                    "Psr\\Http\\Message\\": "src/"
                }
            },
            "notification-url": "https://packagist.org/downloads/",
            "license": [
                "MIT"
            ],
            "authors": [
                {
                    "name": "PHP-FIG",
                    "homepage": "http://www.php-fig.org/"
                }
            ],
            "description": "Common interface for HTTP messages",
            "homepage": "https://github.com/php-fig/http-message",
            "keywords": [
                "http",
                "http-message",
                "psr",
                "psr-7",
                "request",
                "response"
            ],
            "time": "2016-08-06T14:39:51+00:00"
        },
        {
            "name": "slim/slim",
            "version": "3.8.1",
            "source": {
                "type": "git",
                "url": "https://github.com/slimphp/Slim.git",
                "reference": "5385302707530b2bccee1769613ad769859b826d"
            },
            "dist": {
                "type": "zip",
                "url": "https://api.github.com/repos/slimphp/Slim/zipball/5385302707530b2bccee1769613ad769859b826d",
                "reference": "5385302707530b2bccee1769613ad769859b826d",
                "shasum": ""
            },
            "require": {
                "container-interop/container-interop": "^1.2",
                "nikic/fast-route": "^1.0",
                "php": ">=5.5.0",
                "pimple/pimple": "^3.0",
                "psr/container": "^1.0",
                "psr/http-message": "^1.0"
            },
            "provide": {
                "psr/http-message-implementation": "1.0"
            },
            "require-dev": {
                "phpunit/phpunit": "^4.0",
                "squizlabs/php_codesniffer": "^2.5"
            },
            "type": "library",
            "autoload": {
                "psr-4": {
                    "Slim\\": "Slim"
                }
            },
            "notification-url": "https://packagist.org/downloads/",
            "license": [
                "MIT"
            ],
            "authors": [
                {
                    "name": "Rob Allen",
                    "email": "rob@akrabat.com",
                    "homepage": "http://akrabat.com"
                },
                {
                    "name": "Josh Lockhart",
                    "email": "hello@joshlockhart.com",
                    "homepage": "https://joshlockhart.com"
                },
                {
                    "name": "Gabriel Manricks",
                    "email": "gmanricks@me.com",
                    "homepage": "http://gabrielmanricks.com"
                },
                {
                    "name": "Andrew Smith",
                    "email": "a.smith@silentworks.co.uk",
                    "homepage": "http://silentworks.co.uk"
                }
            ],
            "description": "Slim is a PHP micro framework that helps you quickly write simple yet powerful web applications and APIs",
            "homepage": "https://slimframework.com",
            "keywords": [
                "api",
                "framework",
                "micro",
                "router"
            ],
            "time": "2017-03-19T17:55:20+00:00"
        }
    ],
    "packages-dev": [
        {
            "name": "monomelodies/kingconf",
            "version": "1.1.0",
            "source": {
                "type": "git",
                "url": "https://github.com/monomelodies/kingconf.git",
                "reference": "350bf4e1f8163b5843f9dec82bd6230968166015"
            },
            "dist": {
                "type": "zip",
                "url": "https://api.github.com/repos/monomelodies/kingconf/zipball/350bf4e1f8163b5843f9dec82bd6230968166015",
                "reference": "350bf4e1f8163b5843f9dec82bd6230968166015",
                "shasum": ""
            },
            "require": {
                "php": ">=5.4",
                "symfony/yaml": "*"
            },
            "require-dev": {
                "phpunit/phpunit": ">=4"
            },
            "type": "library",
            "autoload": {
                "psr-4": {
                    "Monomelodies\\Kingconf\\": "src/"
                }
            },
            "notification-url": "https://packagist.org/downloads/",
            "license": [
                "MIT"
            ],
            "authors": [
                {
                    "name": "Marijn Ophorst",
                    "email": "marijn@monomelodies.nl"
                }
            ],
            "description": "Load configuration in any sane format",
            "keywords": [
                "config",
                "configuration",
                "ini",
                "json",
                "loader",
                "php",
                "xml",
                "yaml"
            ],
            "time": "2016-07-15T06:21:55+00:00"
        },
        {
            "name": "simoneast/simple-ansi-colors",
            "version": "1.0.1",
            "source": {
                "type": "git",
                "url": "https://github.com/SimonEast/Simple-Ansi-Colors.git",
                "reference": "7b0abb5d779e25fffd26bcceb3d88278d1c064ed"
            },
            "dist": {
                "type": "zip",
                "url": "https://api.github.com/repos/SimonEast/Simple-Ansi-Colors/zipball/7b0abb5d779e25fffd26bcceb3d88278d1c064ed",
                "reference": "7b0abb5d779e25fffd26bcceb3d88278d1c064ed",
                "shasum": ""
            },
            "require": {
                "php": ">=5.3.0"
            },
            "type": "library",
            "autoload": {
                "psr-0": {
                    "Ansi": ""
                }
            },
            "notification-url": "https://packagist.org/downloads/",
            "license": [
                "MIT"
            ],
            "authors": [
                {
                    "name": "Simon East",
                    "email": "simon@yump.com.au"
                }
            ],
            "description": "Simple PHP class for converting basic HTML-like color tags into ANSI escape codes for use in console apps and scripts. Auto-detection for Windows/Ansicon users included.",
            "homepage": "https://github.com/SimonEast/Simple-Ansi-Colors",
            "keywords": [
                "ansi",
                "ansicon",
                "color",
                "colors",
                "colour",
                "colours",
                "console"
            ],
            "time": "2015-11-24T03:03:27+00:00"
        },
        {
            "name": "symfony/yaml",
            "version": "v3.3.2",
            "source": {
                "type": "git",
                "url": "https://github.com/symfony/yaml.git",
                "reference": "9752a30000a8ca9f4b34b5227d15d0101b96b063"
            },
            "dist": {
                "type": "zip",
                "url": "https://api.github.com/repos/symfony/yaml/zipball/9752a30000a8ca9f4b34b5227d15d0101b96b063",
                "reference": "9752a30000a8ca9f4b34b5227d15d0101b96b063",
                "shasum": ""
            },
            "require": {
                "php": ">=5.5.9"
            },
            "require-dev": {
                "symfony/console": "~2.8|~3.0"
            },
            "suggest": {
                "symfony/console": "For validating YAML files using the lint command"
            },
            "type": "library",
            "extra": {
                "branch-alias": {
                    "dev-master": "3.3-dev"
                }
            },
            "autoload": {
                "psr-4": {
                    "Symfony\\Component\\Yaml\\": ""
                },
                "exclude-from-classmap": [
                    "/Tests/"
                ]
            },
            "notification-url": "https://packagist.org/downloads/",
            "license": [
                "MIT"
            ],
            "authors": [
                {
                    "name": "Fabien Potencier",
                    "email": "fabien@symfony.com"
                },
                {
                    "name": "Symfony Community",
                    "homepage": "https://symfony.com/contributors"
                }
            ],
            "description": "Symfony Yaml Component",
            "homepage": "https://symfony.com",
            "time": "2017-06-02T22:05:06+00:00"
        },
        {
            "name": "toast/unit",
            "version": "1.1.2",
            "source": {
                "type": "git",
                "url": "https://github.com/toast-php/unit.git",
                "reference": "901641e801da4fbec12e4d0e15eb8844e1c5f438"
            },
            "dist": {
                "type": "zip",
                "url": "https://api.github.com/repos/toast-php/unit/zipball/901641e801da4fbec12e4d0e15eb8844e1c5f438",
                "reference": "901641e801da4fbec12e4d0e15eb8844e1c5f438",
                "shasum": ""
            },
            "require": {
                "monomelodies/kingconf": "^1.1.0",
                "php": ">=7",
                "simoneast/simple-ansi-colors": "^1.0"
            },
            "bin": [
                "bin/toast"
            ],
            "type": "library",
            "autoload": {
                "psr-4": {
                    "Toast\\Unit\\": "src"
                }
            },
            "notification-url": "https://packagist.org/downloads/",
            "license": [
                "MIT"
            ],
            "authors": [
                {
                    "name": "Marijn Ophorst",
                    "email": "marijn@monomelodies.nl"
                }
            ],
            "description": "Super-simple unit testing for PHP7",
            "time": "2017-05-02T13:37:09+00:00"
        }
    ],
    "aliases": [],
    "minimum-stability": "stable",
    "stability-flags": [],
    "prefer-stable": false,
    "prefer-lowest": false,
    "platform": [],
    "platform-dev": []
}
